{
    "_readme": [
        "This file locks the dependencies of your project to a known state",
        "Read more about it at https://getcomposer.org/doc/01-basic-usage.md#installing-dependencies",
        "This file is @generated automatically"
    ],
    "content-hash": "25672bbedec42bbf1c31f9a6d5de99f4",
    "packages": [
        {
            "name": "byteshard/auth",
            "version": "v1.0.0",
            "source": {
                "type": "git",
                "url": "https://github.com/byteshard/auth.git",
                "reference": "8c1e151ce6c5a9862e120de7aad774fff0f7e467"
            },
            "dist": {
                "type": "zip",
                "url": "https://api.github.com/repos/byteshard/auth/zipball/8c1e151ce6c5a9862e120de7aad774fff0f7e467",
                "reference": "8c1e151ce6c5a9862e120de7aad774fff0f7e467",
                "shasum": ""
            },
            "require": {
                "byteshard/enum": "^1.0",
                "php": "^8.1"
            },
            "require-dev": {
                "phpstan/phpstan": "^1.9"
            },
            "type": "library",
            "autoload": {
                "psr-4": {
                    "byteShard\\": "src/byteShard"
                }
            },
            "notification-url": "https://packagist.org/downloads/",
            "license": [
                "MPL-2.0"
            ],
            "authors": [
                {
                    "name": "Lars Hennig"
                }
            ],
            "description": "Authentication for the byteShard framework",
            "support": {
                "issues": "https://github.com/byteshard/auth/issues",
                "source": "https://github.com/byteshard/auth/tree/v1.0.0"
            },
            "time": "2023-05-08T13:32:09+00:00"
        },
        {
            "name": "byteshard/contracts",
            "version": "v1.0.0",
            "source": {
                "type": "git",
                "url": "https://github.com/byteshard/contracts.git",
                "reference": "094f6de93981a6e4efac14a57c0dd452df7c703d"
            },
            "dist": {
                "type": "zip",
                "url": "https://api.github.com/repos/byteshard/contracts/zipball/094f6de93981a6e4efac14a57c0dd452df7c703d",
                "reference": "094f6de93981a6e4efac14a57c0dd452df7c703d",
                "shasum": ""
            },
            "require": {
                "byteshard/enum": "^1.0",
                "php": "^8.1"
            },
            "require-dev": {
                "phpstan/phpstan": "^1.9"
            },
            "type": "library",
            "autoload": {
                "psr-4": {
                    "byteShard\\": "src/byteShard"
                }
            },
            "notification-url": "https://packagist.org/downloads/",
            "license": [
                "MPL-2.0"
            ],
            "authors": [
                {
                    "name": "Lars Hennig"
                }
            ],
            "description": "Package for interfaces and other things used by the byteShard components",
            "support": {
                "issues": "https://github.com/byteshard/contracts/issues",
                "source": "https://github.com/byteshard/contracts/tree/v1.0.0"
            },
            "time": "2023-05-08T14:33:56+00:00"
        },
        {
            "name": "byteshard/debug",
            "version": "v1.0.1",
            "source": {
                "type": "git",
                "url": "https://github.com/byteshard/debug.git",
                "reference": "f721f089f49b226b338c183a5b3b6d15dc7b4b59"
            },
            "dist": {
                "type": "zip",
                "url": "https://api.github.com/repos/byteshard/debug/zipball/f721f089f49b226b338c183a5b3b6d15dc7b4b59",
                "reference": "f721f089f49b226b338c183a5b3b6d15dc7b4b59",
                "shasum": ""
            },
            "require": {
                "php": "^8.1",
                "psr/log": "^3.0"
            },
            "require-dev": {
                "phpstan/phpstan": "^1.10"
            },
            "type": "library",
            "autoload": {
                "psr-4": {
                    "byteShard\\": "src/byteShard"
                }
            },
            "notification-url": "https://packagist.org/downloads/",
            "license": [
                "MPL-2.0"
            ],
            "authors": [
                {
                    "name": "Lars Hennig"
                }
            ],
            "description": "Debug helper for the byteShard framework",
            "support": {
                "issues": "https://github.com/byteshard/debug/issues",
                "source": "https://github.com/byteshard/debug/tree/v1.0.1"
            },
            "time": "2023-05-08T12:22:09+00:00"
        },
        {
            "name": "byteshard/enum",
            "version": "v1.0.0",
            "source": {
                "type": "git",
                "url": "https://github.com/byteshard/enum.git",
                "reference": "8e32681070acdb3e9655a474e5b8e09b0963c039"
            },
            "dist": {
                "type": "zip",
                "url": "https://api.github.com/repos/byteshard/enum/zipball/8e32681070acdb3e9655a474e5b8e09b0963c039",
                "reference": "8e32681070acdb3e9655a474e5b8e09b0963c039",
                "shasum": ""
            },
            "require": {
                "php": "^8.1"
            },
            "require-dev": {
                "phpstan/phpstan": "^1.9"
            },
            "type": "library",
            "autoload": {
                "psr-4": {
                    "byteShard\\": "src/byteShard"
                }
            },
            "notification-url": "https://packagist.org/downloads/",
            "license": [
                "MPL-2.0"
            ],
            "authors": [
                {
                    "name": "Lars Hennig"
                }
            ],
            "description": "Global enums for the byteShard framework",
            "support": {
                "issues": "https://github.com/byteshard/enum/issues",
                "source": "https://github.com/byteshard/enum/tree/v1.0.0"
            },
            "time": "2023-05-08T13:11:59+00:00"
        },
        {
            "name": "byteshard/exception",
            "version": "v1.0.0",
            "source": {
                "type": "git",
                "url": "https://github.com/byteshard/exception.git",
                "reference": "fc83a13206af48a2f69e809a57fbf48794f9ebe5"
            },
            "dist": {
                "type": "zip",
                "url": "https://api.github.com/repos/byteshard/exception/zipball/fc83a13206af48a2f69e809a57fbf48794f9ebe5",
                "reference": "fc83a13206af48a2f69e809a57fbf48794f9ebe5",
                "shasum": ""
            },
            "require": {
                "byteshard/enum": "^1.0",
                "byteshard/locale": "^1.0",
                "php": "^8.1"
            },
            "require-dev": {
                "phpstan/phpstan": "^1.9"
            },
            "type": "library",
            "autoload": {
                "psr-4": {
                    "byteShard\\": "src/byteShard"
                }
            },
            "notification-url": "https://packagist.org/downloads/",
            "license": [
                "MPL-2.0"
            ],
            "authors": [
                {
                    "name": "Lars Hennig"
                }
            ],
            "description": "Exception components for the byteShard framework",
            "support": {
                "issues": "https://github.com/byteshard/exception/issues",
                "source": "https://github.com/byteshard/exception/tree/v1.0.0"
            },
            "time": "2023-05-08T13:26:20+00:00"
        },
        {
            "name": "byteshard/locale",
            "version": "v1.0.1",
            "source": {
                "type": "git",
                "url": "https://github.com/byteshard/locale.git",
                "reference": "69fa65c90d456fc4dce59e0a307af60d62b59a15"
            },
            "dist": {
                "type": "zip",
                "url": "https://api.github.com/repos/byteshard/locale/zipball/69fa65c90d456fc4dce59e0a307af60d62b59a15",
                "reference": "69fa65c90d456fc4dce59e0a307af60d62b59a15",
                "shasum": ""
            },
            "require": {
                "byteshard/debug": "^1.0",
                "php": "^8.1"
            },
            "require-dev": {
                "phpstan/phpstan": "^1.9"
            },
            "type": "library",
            "autoload": {
                "psr-4": {
                    "byteShard\\": "src/byteShard"
                }
            },
            "notification-url": "https://packagist.org/downloads/",
            "license": [
                "MPL-2.0"
            ],
            "authors": [
                {
                    "name": "Lars Hennig"
                }
            ],
            "description": "Locale components for the byteShard framework",
            "support": {
                "issues": "https://github.com/byteshard/locale/issues",
                "source": "https://github.com/byteshard/locale/tree/v1.0.1"
            },
            "time": "2023-05-08T13:24:26+00:00"
        },
        {
            "name": "byteshard/validate",
            "version": "v1.0.0",
            "source": {
                "type": "git",
                "url": "https://github.com/byteshard/validate.git",
                "reference": "710236714aa0705b9074e344a4efb6177253a922"
            },
            "dist": {
                "type": "zip",
                "url": "https://api.github.com/repos/byteshard/validate/zipball/710236714aa0705b9074e344a4efb6177253a922",
                "reference": "710236714aa0705b9074e344a4efb6177253a922",
                "shasum": ""
            },
            "require": {
                "byteshard/locale": "^1.0",
                "php": "^8.1"
            },
            "require-dev": {
                "phpstan/phpstan": "^1.9"
            },
            "type": "library",
            "autoload": {
                "psr-4": {
                    "byteShard\\": "src/byteShard"
                }
            },
            "notification-url": "https://packagist.org/downloads/",
            "license": [
                "MPL-2.0"
            ],
            "authors": [
                {
                    "name": "Lars Hennig"
                }
            ],
            "description": "Validation for the byteShard framework",
            "support": {
                "issues": "https://github.com/byteshard/validate/issues",
                "source": "https://github.com/byteshard/validate/tree/v1.0.0"
            },
            "time": "2023-05-08T13:34:36+00:00"
        },
        {
            "name": "psr/log",
            "version": "3.0.0",
            "source": {
                "type": "git",
                "url": "https://github.com/php-fig/log.git",
                "reference": "fe5ea303b0887d5caefd3d431c3e61ad47037001"
            },
            "dist": {
                "type": "zip",
                "url": "https://api.github.com/repos/php-fig/log/zipball/fe5ea303b0887d5caefd3d431c3e61ad47037001",
                "reference": "fe5ea303b0887d5caefd3d431c3e61ad47037001",
                "shasum": ""
            },
            "require": {
                "php": ">=8.0.0"
            },
            "type": "library",
            "extra": {
                "branch-alias": {
                    "dev-master": "3.x-dev"
                }
            },
            "autoload": {
                "psr-4": {
                    "Psr\\Log\\": "src"
                }
            },
            "notification-url": "https://packagist.org/downloads/",
            "license": [
                "MIT"
            ],
            "authors": [
                {
                    "name": "PHP-FIG",
                    "homepage": "https://www.php-fig.org/"
                }
            ],
            "description": "Common interface for logging libraries",
            "homepage": "https://github.com/php-fig/log",
            "keywords": [
                "log",
                "psr",
                "psr-3"
            ],
            "support": {
                "source": "https://github.com/php-fig/log/tree/3.0.0"
            },
            "time": "2021-07-14T16:46:02+00:00"
        }
    ],
    "packages-dev": [
        {
            "name": "phpstan/phpstan",
            "version": "1.10.14",
            "source": {
                "type": "git",
                "url": "https://github.com/phpstan/phpstan.git",
                "reference": "d232901b09e67538e5c86a724be841bea5768a7c"
            },
            "dist": {
                "type": "zip",
                "url": "https://api.github.com/repos/phpstan/phpstan/zipball/d232901b09e67538e5c86a724be841bea5768a7c",
                "reference": "d232901b09e67538e5c86a724be841bea5768a7c",
                "shasum": ""
            },
            "require": {
                "php": "^7.2|^8.0"
            },
            "conflict": {
                "phpstan/phpstan-shim": "*"
            },
            "bin": [
                "phpstan",
                "phpstan.phar"
            ],
            "type": "library",
            "autoload": {
                "files": [
                    "bootstrap.php"
                ]
            },
            "notification-url": "https://packagist.org/downloads/",
            "license": [
                "MIT"
            ],
            "description": "PHPStan - PHP Static Analysis Tool",
            "keywords": [
                "dev",
                "static analysis"
            ],
            "support": {
                "docs": "https://phpstan.org/user-guide/getting-started",
                "forum": "https://github.com/phpstan/phpstan/discussions",
                "issues": "https://github.com/phpstan/phpstan/issues",
                "security": "https://github.com/phpstan/phpstan/security/policy",
                "source": "https://github.com/phpstan/phpstan-src"
            },
            "funding": [
                {
                    "url": "https://github.com/ondrejmirtes",
                    "type": "github"
                },
                {
                    "url": "https://github.com/phpstan",
                    "type": "github"
                },
                {
                    "url": "https://tidelift.com/funding/github/packagist/phpstan/phpstan",
                    "type": "tidelift"
                }
            ],
            "time": "2023-04-19T13:47:27+00:00"
        }
    ],
    "aliases": [],
    "minimum-stability": "stable",
    "stability-flags": [],
    "prefer-stable": false,
    "prefer-lowest": false,
    "platform": {
        "php": "^8.1",
        "ext-ldap": "*"
    },
    "platform-dev": [],
    "plugin-api-version": "2.3.0"
}
