{
    "_readme": [
        "This file locks the dependencies of your project to a known state",
        "Read more about it at https://getcomposer.org/doc/01-basic-usage.md#installing-dependencies",
        "This file is @generated automatically"
    ],
    "content-hash": "25672bbedec42bbf1c31f9a6d5de99f4",
    "packages": [
        {
            "name": "byteshard/auth",
            "version": "v1.1.0",
            "source": {
                "type": "git",
                "url": "https://github.com/byteshard/auth.git",
                "reference": "d90c896e71937ab82712791dc45e4c48717311bd"
            },
            "dist": {
                "type": "zip",
                "url": "https://api.github.com/repos/byteshard/auth/zipball/d90c896e71937ab82712791dc45e4c48717311bd",
                "reference": "d90c896e71937ab82712791dc45e4c48717311bd",
                "shasum": ""
            },
            "require": {
                "byteshard/enum": "^1.0",
                "php": "^8.1"
            },
            "require-dev": {
                "phpstan/phpstan": "^1.9"
            },
            "type": "library",
            "autoload": {
                "psr-4": {
                    "byteShard\\": "src/byteShard"
                }
            },
            "notification-url": "https://packagist.org/downloads/",
            "license": [
                "MPL-2.0"
            ],
            "authors": [
                {
                    "name": "Lars Hennig"
                }
            ],
            "description": "Authentication for the byteShard framework",
            "support": {
                "issues": "https://github.com/byteshard/auth/issues",
                "source": "https://github.com/byteshard/auth/tree/v1.1.0"
            },
            "time": "2024-04-23T14:42:27+00:00"
        },
        {
            "name": "byteshard/contracts",
            "version": "v1.0.1",
            "source": {
                "type": "git",
                "url": "https://github.com/byteshard/contracts.git",
                "reference": "a35e378680cc9fb3686626b0155dbc56f51a1bc5"
            },
            "dist": {
                "type": "zip",
                "url": "https://api.github.com/repos/byteshard/contracts/zipball/a35e378680cc9fb3686626b0155dbc56f51a1bc5",
                "reference": "a35e378680cc9fb3686626b0155dbc56f51a1bc5",
                "shasum": ""
            },
            "require": {
                "byteshard/enum": "^1.0",
                "php": "^8.1"
            },
            "require-dev": {
                "phpstan/phpstan": "^1.10"
            },
            "type": "library",
            "autoload": {
                "psr-4": {
                    "byteShard\\": "src/byteShard"
                }
            },
            "notification-url": "https://packagist.org/downloads/",
            "license": [
                "MPL-2.0"
            ],
            "authors": [
                {
                    "name": "Lars Hennig"
                }
            ],
            "description": "Package for interfaces and other things used by the byteShard components",
            "support": {
                "issues": "https://github.com/byteshard/contracts/issues",
                "source": "https://github.com/byteshard/contracts/tree/v1.0.1"
            },
            "time": "2023-10-09T15:25:56+00:00"
        },
        {
            "name": "byteshard/debug",
            "version": "v1.0.1",
            "source": {
                "type": "git",
                "url": "https://github.com/byteshard/debug.git",
                "reference": "102017288749fe1da687572b6200d7212d19e2de"
            },
            "dist": {
                "type": "zip",
                "url": "https://api.github.com/repos/byteshard/debug/zipball/102017288749fe1da687572b6200d7212d19e2de",
                "reference": "102017288749fe1da687572b6200d7212d19e2de",
                "shasum": ""
            },
            "require": {
                "php": "^8.1",
                "psr/log": "^3.0"
            },
            "require-dev": {
                "phpstan/phpstan": "^1.10"
            },
            "type": "library",
            "autoload": {
                "psr-4": {
                    "byteShard\\": "src/byteShard"
                }
            },
            "notification-url": "https://packagist.org/downloads/",
            "license": [
                "MPL-2.0"
            ],
            "authors": [
                {
                    "name": "Lars Hennig"
                }
            ],
            "description": "Debug helper for the byteShard framework",
            "support": {
                "issues": "https://github.com/byteshard/debug/issues",
                "source": "https://github.com/byteshard/debug/tree/v1.0.1"
            },
            "time": "2023-05-08T12:22:09+00:00"
        },
        {
            "name": "byteshard/enum",
            "version": "v1.1.0",
            "source": {
                "type": "git",
                "url": "https://github.com/byteshard/enum.git",
                "reference": "baf981bf48629f11121ed79c5ca4149b7c6628da"
            },
            "dist": {
                "type": "zip",
                "url": "https://api.github.com/repos/byteshard/enum/zipball/baf981bf48629f11121ed79c5ca4149b7c6628da",
                "reference": "baf981bf48629f11121ed79c5ca4149b7c6628da",
                "shasum": ""
            },
            "require": {
                "php": "^8.1"
            },
            "require-dev": {
                "phpstan/phpstan": "^1.9"
            },
            "type": "library",
            "autoload": {
                "psr-4": {
                    "byteShard\\": "src/byteShard"
                }
            },
            "notification-url": "https://packagist.org/downloads/",
            "license": [
                "MPL-2.0"
            ],
            "authors": [
                {
                    "name": "Lars Hennig"
                }
            ],
            "description": "Global enums for the byteShard framework",
            "support": {
                "issues": "https://github.com/byteshard/enum/issues",
                "source": "https://github.com/byteshard/enum/tree/v1.1.0"
            },
            "time": "2023-10-10T08:06:15+00:00"
        },
        {
            "name": "byteshard/exception",
            "version": "v1.1.1",
            "source": {
                "type": "git",
                "url": "https://github.com/byteshard/exception.git",
                "reference": "0783d8ab3fedb74f25500435ec5eeeb362708d48"
            },
            "dist": {
                "type": "zip",
                "url": "https://api.github.com/repos/byteshard/exception/zipball/0783d8ab3fedb74f25500435ec5eeeb362708d48",
                "reference": "0783d8ab3fedb74f25500435ec5eeeb362708d48",
                "shasum": ""
            },
            "require": {
                "byteshard/enum": "^1.0",
                "byteshard/locale": "^1.0",
                "php": "^8.1"
            },
            "require-dev": {
                "phpstan/phpstan": "^1.9"
            },
            "type": "library",
            "autoload": {
                "psr-4": {
                    "byteShard\\": "src/byteShard"
                }
            },
            "notification-url": "https://packagist.org/downloads/",
            "license": [
                "MPL-2.0"
            ],
            "authors": [
                {
                    "name": "Lars Hennig"
                }
            ],
            "description": "Exception components for the byteShard framework",
            "support": {
                "issues": "https://github.com/byteshard/exception/issues",
                "source": "https://github.com/byteshard/exception/tree/v1.1.1"
            },
            "time": "2024-03-18T09:47:32+00:00"
        },
        {
            "name": "byteshard/locale",
            "version": "v1.0.1",
            "source": {
                "type": "git",
                "url": "https://github.com/byteshard/locale.git",
                "reference": "c02934390fe5eead28f4e6b63c70047c316c88bf"
            },
            "dist": {
                "type": "zip",
                "url": "https://api.github.com/repos/byteshard/locale/zipball/c02934390fe5eead28f4e6b63c70047c316c88bf",
                "reference": "c02934390fe5eead28f4e6b63c70047c316c88bf",
                "shasum": ""
            },
            "require": {
                "byteshard/debug": "^1.0",
                "php": "^8.1"
            },
            "require-dev": {
                "phpstan/phpstan": "^1.9"
            },
            "type": "library",
            "autoload": {
                "psr-4": {
                    "byteShard\\": "src/byteShard"
                }
            },
            "notification-url": "https://packagist.org/downloads/",
            "license": [
                "MPL-2.0"
            ],
            "authors": [
                {
                    "name": "Lars Hennig"
                }
            ],
            "description": "Locale components for the byteShard framework",
            "support": {
                "issues": "https://github.com/byteshard/locale/issues",
                "source": "https://github.com/byteshard/locale/tree/v1.0.1"
            },
            "time": "2023-05-08T13:24:26+00:00"
        },
        {
            "name": "byteshard/validate",
            "version": "v1.0.0",
            "source": {
                "type": "git",
                "url": "https://github.com/byteshard/validate.git",
                "reference": "54e594f38f2b68d896571083e1128d1a9121ce76"
            },
            "dist": {
                "type": "zip",
                "url": "https://api.github.com/repos/byteshard/validate/zipball/54e594f38f2b68d896571083e1128d1a9121ce76",
                "reference": "54e594f38f2b68d896571083e1128d1a9121ce76",
                "shasum": ""
            },
            "require": {
                "byteshard/locale": "^1.0",
                "php": "^8.1"
            },
            "require-dev": {
                "phpstan/phpstan": "^1.9"
            },
            "type": "library",
            "autoload": {
                "psr-4": {
                    "byteShard\\": "src/byteShard"
                }
            },
            "notification-url": "https://packagist.org/downloads/",
            "license": [
                "MPL-2.0"
            ],
            "authors": [
                {
                    "name": "Lars Hennig"
                }
            ],
            "description": "Validation for the byteShard framework",
            "support": {
                "issues": "https://github.com/byteshard/validate/issues",
                "source": "https://github.com/byteshard/validate/tree/v1.0.0"
            },
            "time": "2023-10-09T14:28:46+00:00"
        },
        {
            "name": "psr/log",
            "version": "3.0.0",
            "source": {
                "type": "git",
                "url": "https://github.com/php-fig/log.git",
                "reference": "fe5ea303b0887d5caefd3d431c3e61ad47037001"
            },
            "dist": {
                "type": "zip",
                "url": "https://api.github.com/repos/php-fig/log/zipball/fe5ea303b0887d5caefd3d431c3e61ad47037001",
                "reference": "fe5ea303b0887d5caefd3d431c3e61ad47037001",
                "shasum": ""
            },
            "require": {
                "php": ">=8.0.0"
            },
            "type": "library",
            "extra": {
                "branch-alias": {
                    "dev-master": "3.x-dev"
                }
            },
            "autoload": {
                "psr-4": {
                    "Psr\\Log\\": "src"
                }
            },
            "notification-url": "https://packagist.org/downloads/",
            "license": [
                "MIT"
            ],
            "authors": [
                {
                    "name": "PHP-FIG",
                    "homepage": "https://www.php-fig.org/"
                }
            ],
            "description": "Common interface for logging libraries",
            "homepage": "https://github.com/php-fig/log",
            "keywords": [
                "log",
                "psr",
                "psr-3"
            ],
            "support": {
                "source": "https://github.com/php-fig/log/tree/3.0.0"
            },
            "time": "2021-07-14T16:46:02+00:00"
        }
    ],
    "packages-dev": [
        {
            "name": "phpstan/phpstan",
            "version": "1.10.67",
            "source": {
                "type": "git",
                "url": "https://github.com/phpstan/phpstan.git",
                "reference": "16ddbe776f10da6a95ebd25de7c1dbed397dc493"
            },
            "dist": {
                "type": "zip",
                "url": "https://api.github.com/repos/phpstan/phpstan/zipball/16ddbe776f10da6a95ebd25de7c1dbed397dc493",
                "reference": "16ddbe776f10da6a95ebd25de7c1dbed397dc493",
                "shasum": ""
            },
            "require": {
                "php": "^7.2|^8.0"
            },
            "conflict": {
                "phpstan/phpstan-shim": "*"
            },
            "bin": [
                "phpstan",
                "phpstan.phar"
            ],
            "type": "library",
            "autoload": {
                "files": [
                    "bootstrap.php"
                ]
            },
            "notification-url": "https://packagist.org/downloads/",
            "license": [
                "MIT"
            ],
            "description": "PHPStan - PHP Static Analysis Tool",
            "keywords": [
                "dev",
                "static analysis"
            ],
            "support": {
                "docs": "https://phpstan.org/user-guide/getting-started",
                "forum": "https://github.com/phpstan/phpstan/discussions",
                "issues": "https://github.com/phpstan/phpstan/issues",
                "security": "https://github.com/phpstan/phpstan/security/policy",
                "source": "https://github.com/phpstan/phpstan-src"
            },
            "funding": [
                {
                    "url": "https://github.com/ondrejmirtes",
                    "type": "github"
                },
                {
                    "url": "https://github.com/phpstan",
                    "type": "github"
                }
            ],
            "time": "2024-04-16T07:22:02+00:00"
        }
    ],
    "aliases": [],
    "minimum-stability": "stable",
    "stability-flags": [],
    "prefer-stable": false,
    "prefer-lowest": false,
    "platform": {
        "php": "^8.1",
        "ext-ldap": "*"
    },
    "platform-dev": [],
    "plugin-api-version": "2.3.0"
}
